
Microsoft Visual Studio Solution File, Format Version 12.00
# Visual Studio Version 17
VisualStudioVersion = 17.0.31903.59
MinimumVisualStudioVersion = 10.0.40219.1
Project("{2150E333-8FDC-42A3-9474-1A3956D46DE8}") = "src", "src", "{D2994D36-20A7-4856-A9B2-314A763FBB95}"
EndProject
Project("{FAE04EC0-301F-11D3-BF4B-00C04F79EFBC}") = "AuctionService", "src\AuctionService\AuctionService.csproj", "{0E42F636-D4D5-4F8A-8A7B-93CB7D64670A}"
EndProject
Project("{FAE04EC0-301F-11D3-BF4B-00C04F79EFBC}") = "SearchService", "src\SearchService\SearchService.csproj", "{7456079C-F65A-4BE1-8366-7229D7773127}"
EndProject
Project("{FAE04EC0-301F-11D3-BF4B-00C04F79EFBC}") = "Contracts", "src\Contracts\Contracts.csproj", "{8A2FFF3F-8952-4321-9303-482FB187A90D}"
EndProject
Global
	GlobalSection(SolutionConfigurationPlatforms) = preSolution
		Debug|Any CPU = Debug|Any CPU
		Release|Any CPU = Release|Any CPU
	EndGlobalSection
	GlobalSection(SolutionProperties) = preSolution
		HideSolutionNode = FALSE
	EndGlobalSection
	GlobalSection(ProjectConfigurationPlatforms) = postSolution
		{0E42F636-D4D5-4F8A-8A7B-93CB7D64670A}.Debug|Any CPU.ActiveCfg = Debug|Any CPU
		{0E42F636-D4D5-4F8A-8A7B-93CB7D64670A}.Debug|Any CPU.Build.0 = Debug|Any CPU
		{0E42F636-D4D5-4F8A-8A7B-93CB7D64670A}.Release|Any CPU.ActiveCfg = Release|Any CPU
		{0E42F636-D4D5-4F8A-8A7B-93CB7D64670A}.Release|Any CPU.Build.0 = Release|Any CPU
		{7456079C-F65A-4BE1-8366-7229D7773127}.Debug|Any CPU.ActiveCfg = Debug|Any CPU
		{7456079C-F65A-4BE1-8366-7229D7773127}.Debug|Any CPU.Build.0 = Debug|Any CPU
		{7456079C-F65A-4BE1-8366-7229D7773127}.Release|Any CPU.ActiveCfg = Release|Any CPU
		{7456079C-F65A-4BE1-8366-7229D7773127}.Release|Any CPU.Build.0 = Release|Any CPU
		{8A2FFF3F-8952-4321-9303-482FB187A90D}.Debug|Any CPU.ActiveCfg = Debug|Any CPU
		{8A2FFF3F-8952-4321-9303-482FB187A90D}.Debug|Any CPU.Build.0 = Debug|Any CPU
		{8A2FFF3F-8952-4321-9303-482FB187A90D}.Release|Any CPU.ActiveCfg = Release|Any CPU
		{8A2FFF3F-8952-4321-9303-482FB187A90D}.Release|Any CPU.Build.0 = Release|Any CPU
	EndGlobalSection
	GlobalSection(NestedProjects) = preSolution
		{0E42F636-D4D5-4F8A-8A7B-93CB7D64670A} = {D2994D36-20A7-4856-A9B2-314A763FBB95}
		{7456079C-F65A-4BE1-8366-7229D7773127} = {D2994D36-20A7-4856-A9B2-314A763FBB95}
		{8A2FFF3F-8952-4321-9303-482FB187A90D} = {D2994D36-20A7-4856-A9B2-314A763FBB95}
	EndGlobalSection
EndGlobal
